
Microsoft Visual Studio Solution File, Format Version 12.00
# Visual Studio Version 17
VisualStudioVersion = 17.13.35825.156
MinimumVisualStudioVersion = 10.0.40219.1
Project("{FAE04EC0-301F-11D3-BF4B-00C04F79EFBC}") = "PocketGIS", "测绘程序期末作业\PocketGIS.csproj", "{C032FE53-613D-474F-A7CE-DE16346065F2}"
EndProject
Global
	GlobalSection(SolutionConfigurationPlatforms) = preSolution
		Debug|Any CPU = Debug|Any CPU
		Release|Any CPU = Release|Any CPU
	EndGlobalSection
	GlobalSection(ProjectConfigurationPlatforms) = postSolution
		{C032FE53-613D-474F-A7CE-DE16346065F2}.Debug|Any CPU.ActiveCfg = Debug|Any CPU
		{C032FE53-613D-474F-A7CE-DE16346065F2}.Debug|Any CPU.Build.0 = Debug|Any CPU
		{C032FE53-613D-474F-A7CE-DE16346065F2}.Release|Any CPU.ActiveCfg = Release|Any CPU
		{C032FE53-613D-474F-A7CE-DE16346065F2}.Release|Any CPU.Build.0 = Release|Any CPU
	EndGlobalSection
	GlobalSection(SolutionProperties) = preSolution
		HideSolutionNode = FALSE
	EndGlobalSection
	GlobalSection(ExtensibilityGlobals) = postSolution
		SolutionGuid = {0EB0BA91-D3B6-4060-815D-045A92310789}
	EndGlobalSection
EndGlobal
